
Microsoft Visual Studio Solution File, Format Version 12.00
# Visual Studio Version 17
VisualStudioVersion = 17.9.34616.47
MinimumVisualStudioVersion = 10.0.40219.1
Project("{8BC9CEB8-8B4A-11D0-8D11-00A0C91BC942}") = "JawaKocak", "JawaKocak\JawaKocak.vcxproj", "{3EC49372-924F-43AE-BE17-997DCCEB0E28}"
EndProject
Project("{8BC9CEB8-8B4A-11D0-8D11-00A0C91BC942}") = "2", "2\2.vcxproj", "{45F61264-DAF1-4171-B6FB-389D852CB3B2}"
EndProject
Global
	GlobalSection(SolutionConfigurationPlatforms) = preSolution
		Debug|x64 = Debug|x64
		Debug|x86 = Debug|x86
		Release|x64 = Release|x64
		Release|x86 = Release|x86
	EndGlobalSection
	GlobalSection(ProjectConfigurationPlatforms) = postSolution
		{3EC49372-924F-43AE-BE17-997DCCEB0E28}.Debug|x64.ActiveCfg = Debug|x64
		{3EC49372-924F-43AE-BE17-997DCCEB0E28}.Debug|x64.Build.0 = Debug|x64
		{3EC49372-924F-43AE-BE17-997DCCEB0E28}.Debug|x86.ActiveCfg = Debug|Win32
		{3EC49372-924F-43AE-BE17-997DCCEB0E28}.Debug|x86.Build.0 = Debug|Win32
		{3EC49372-924F-43AE-BE17-997DCCEB0E28}.Release|x64.ActiveCfg = Release|x64
		{3EC49372-924F-43AE-BE17-997DCCEB0E28}.Release|x64.Build.0 = Release|x64
		{3EC49372-924F-43AE-BE17-997DCCEB0E28}.Release|x86.ActiveCfg = Release|Win32
		{3EC49372-924F-43AE-BE17-997DCCEB0E28}.Release|x86.Build.0 = Release|Win32
		{45F61264-DAF1-4171-B6FB-389D852CB3B2}.Debug|x64.ActiveCfg = Debug|x64
		{45F61264-DAF1-4171-B6FB-389D852CB3B2}.Debug|x64.Build.0 = Debug|x64
		{45F61264-DAF1-4171-B6FB-389D852CB3B2}.Debug|x86.ActiveCfg = Debug|Win32
		{45F61264-DAF1-4171-B6FB-389D852CB3B2}.Debug|x86.Build.0 = Debug|Win32
		{45F61264-DAF1-4171-B6FB-389D852CB3B2}.Release|x64.ActiveCfg = Release|x64
		{45F61264-DAF1-4171-B6FB-389D852CB3B2}.Release|x64.Build.0 = Release|x64
		{45F61264-DAF1-4171-B6FB-389D852CB3B2}.Release|x86.ActiveCfg = Release|Win32
		{45F61264-DAF1-4171-B6FB-389D852CB3B2}.Release|x86.Build.0 = Release|Win32
	EndGlobalSection
	GlobalSection(SolutionProperties) = preSolution
		HideSolutionNode = FALSE
	EndGlobalSection
	GlobalSection(ExtensibilityGlobals) = postSolution
		SolutionGuid = {9A9CDF29-08F0-43DD-806B-BFCBEFC1F915}
	EndGlobalSection
EndGlobal
